// !$*UTF8*$!
{
	archiveVersion = 1;
	classes = {
	};
	objectVersion = 51;
	objects = {

/* Begin PBXBuildFile section */
		0E98AFC18FA7449E06422AEE /* Pods_sajam2019_iodTests.framework in Frameworks */ = {isa = PBXBuildFile; fileRef = A621A947C29A248F2E504BC3 /* Pods_sajam2019_iodTests.framework */; };
		1C5A463722875693000495C3 /* onsenImage in Resources */ = {isa = PBXBuildFile; fileRef = 1C5A463622875693000495C3 /* onsenImage */; };
		3744036E2286B78700B68037 /* icon.jpeg in Resources */ = {isa = PBXBuildFile; fileRef = 3744036D2286B78600B68037 /* icon.jpeg */; };
		37440378228701D000B68037 /* tree.PNG in Resources */ = {isa = PBXBuildFile; fileRef = 37440377228701D000B68037 /* tree.PNG */; };
		37440383228724D200B68037 /* burn.png in Resources */ = {isa = PBXBuildFile; fileRef = 37440382228724D200B68037 /* burn.png */; };
		374403852287285A00B68037 /* honoo.png in Resources */ = {isa = PBXBuildFile; fileRef = 374403842287285A00B68037 /* honoo.png */; };
		3744038E2287368900B68037 /* burn.sks in Resources */ = {isa = PBXBuildFile; fileRef = 3744038C2287368900B68037 /* burn.sks */; };
		3744038F2287368900B68037 /* Assets.xcassets in Resources */ = {isa = PBXBuildFile; fileRef = 3744038D2287368900B68037 /* Assets.xcassets */; };
		374403912287372E00B68037 /* player.swift in Sources */ = {isa = PBXBuildFile; fileRef = 374403902287372E00B68037 /* player.swift */; };
		374403932287AD9F00B68037 /* clock.png in Resources */ = {isa = PBXBuildFile; fileRef = 374403922287AD9F00B68037 /* clock.png */; };
		374403952287AEA000B68037 /* demomaruta.png in Resources */ = {isa = PBXBuildFile; fileRef = 374403942287AEA000B68037 /* demomaruta.png */; };
		4130253A228559340010453B /* AppDelegate.swift in Sources */ = {isa = PBXBuildFile; fileRef = 41302539228559340010453B /* AppDelegate.swift */; };
		4130253C228559340010453B /* ViewController.swift in Sources */ = {isa = PBXBuildFile; fileRef = 4130253B228559340010453B /* ViewController.swift */; };
		4130253F228559340010453B /* Main.storyboard in Resources */ = {isa = PBXBuildFile; fileRef = 4130253D228559340010453B /* Main.storyboard */; };
		41302541228559360010453B /* Assets.xcassets in Resources */ = {isa = PBXBuildFile; fileRef = 41302540228559360010453B /* Assets.xcassets */; };
		41302544228559360010453B /* LaunchScreen.storyboard in Resources */ = {isa = PBXBuildFile; fileRef = 41302542228559360010453B /* LaunchScreen.storyboard */; };
		4130254F228559370010453B /* sajam2019_iodTests.swift in Sources */ = {isa = PBXBuildFile; fileRef = 4130254E228559370010453B /* sajam2019_iodTests.swift */; };
		4130255A228559370010453B /* sajam2019_iodUITests.swift in Sources */ = {isa = PBXBuildFile; fileRef = 41302559228559370010453B /* sajam2019_iodUITests.swift */; };
		4130256C2286ACE70010453B /* GoogleService-Info.plist in Resources */ = {isa = PBXBuildFile; fileRef = 4130256B2286ACE70010453B /* GoogleService-Info.plist */; };
		413025732286B0720010453B /* post.storyboard in Resources */ = {isa = PBXBuildFile; fileRef = 413025722286B0720010453B /* post.storyboard */; };
		413025752286B0810010453B /* Onsen.storyboard in Resources */ = {isa = PBXBuildFile; fileRef = 413025742286B0810010453B /* Onsen.storyboard */; };
		413025772286B08C0010453B /* Mypage.storyboard in Resources */ = {isa = PBXBuildFile; fileRef = 413025762286B08C0010453B /* Mypage.storyboard */; };
		413025792286B0980010453B /* Timeline.storyboard in Resources */ = {isa = PBXBuildFile; fileRef = 413025782286B0980010453B /* Timeline.storyboard */; };
		4130257B2286B0D10010453B /* PostViewController.swift in Sources */ = {isa = PBXBuildFile; fileRef = 4130257A2286B0D10010453B /* PostViewController.swift */; };
		413025812286B1080010453B /* OnsenViewController.swift in Sources */ = {isa = PBXBuildFile; fileRef = 413025802286B1080010453B /* OnsenViewController.swift */; };
		413025832286B11C0010453B /* MypageViewController.swift in Sources */ = {isa = PBXBuildFile; fileRef = 413025822286B11C0010453B /* MypageViewController.swift */; };
		413025852286B1280010453B /* TimelineViewController.swift in Sources */ = {isa = PBXBuildFile; fileRef = 413025842286B1280010453B /* TimelineViewController.swift */; };
		4130258B2286C94A0010453B /* GutiView.xib in Resources */ = {isa = PBXBuildFile; fileRef = 4130258A2286C94A0010453B /* GutiView.xib */; };
		4130258D2286C9540010453B /* GutiView.swift in Sources */ = {isa = PBXBuildFile; fileRef = 4130258C2286C9540010453B /* GutiView.swift */; };
		4130258F22873B170010453B /* horizontalScrollView.swift in Sources */ = {isa = PBXBuildFile; fileRef = 4130258E22873B170010453B /* horizontalScrollView.swift */; };
		7E900E48B3C4B582075B143D /* Pods_sajam2019_iodUITests.framework in Frameworks */ = {isa = PBXBuildFile; fileRef = 830F3516BE6A84C53893A0BE /* Pods_sajam2019_iodUITests.framework */; };
		7F88F6E19C19828BB831D779 /* Pods_sajam2019_iod.framework in Frameworks */ = {isa = PBXBuildFile; fileRef = 7F75A6DBC684FAE1DA763A3D /* Pods_sajam2019_iod.framework */; };
/* End PBXBuildFile section */

/* Begin PBXContainerItemProxy section */
		4130254B228559370010453B /* PBXContainerItemProxy */ = {
			isa = PBXContainerItemProxy;
			containerPortal = 4130252E228559340010453B /* Project object */;
			proxyType = 1;
			remoteGlobalIDString = 41302535228559340010453B;
			remoteInfo = sajam2019_iod;
		};
		41302556228559370010453B /* PBXContainerItemProxy */ = {
			isa = PBXContainerItemProxy;
			containerPortal = 4130252E228559340010453B /* Project object */;
			proxyType = 1;
			remoteGlobalIDString = 41302535228559340010453B;
			remoteInfo = sajam2019_iod;
		};
/* End PBXContainerItemProxy section */

/* Begin PBXFileReference section */
		1C5A463622875693000495C3 /* onsenImage */ = {isa = PBXFileReference; lastKnownFileType = folder; path = onsenImage; sourceTree = "<group>"; };
		3744036D2286B78600B68037 /* icon.jpeg */ = {isa = PBXFileReference; lastKnownFileType = image.jpeg; path = icon.jpeg; sourceTree = "<group>"; };
		37440377228701D000B68037 /* tree.PNG */ = {isa = PBXFileReference; lastKnownFileType = image.png; path = tree.PNG; sourceTree = "<group>"; };
		37440382228724D200B68037 /* burn.png */ = {isa = PBXFileReference; lastKnownFileType = image.png; path = burn.png; sourceTree = "<group>"; };
		374403842287285A00B68037 /* honoo.png */ = {isa = PBXFileReference; lastKnownFileType = image.png; path = honoo.png; sourceTree = "<group>"; };
		3744038C2287368900B68037 /* burn.sks */ = {isa = PBXFileReference; lastKnownFileType = file.sks; path = burn.sks; sourceTree = "<group>"; };
		3744038D2287368900B68037 /* Assets.xcassets */ = {isa = PBXFileReference; lastKnownFileType = folder.assetcatalog; path = Assets.xcassets; sourceTree = "<group>"; };
		374403902287372E00B68037 /* player.swift */ = {isa = PBXFileReference; lastKnownFileType = sourcecode.swift; path = player.swift; sourceTree = "<group>"; };
		374403922287AD9F00B68037 /* clock.png */ = {isa = PBXFileReference; lastKnownFileType = image.png; path = clock.png; sourceTree = "<group>"; };
		374403942287AEA000B68037 /* demomaruta.png */ = {isa = PBXFileReference; lastKnownFileType = image.png; path = demomaruta.png; sourceTree = "<group>"; };
		41302536228559340010453B /* sajam2019_iod.app */ = {isa = PBXFileReference; explicitFileType = wrapper.application; includeInIndex = 0; path = sajam2019_iod.app; sourceTree = BUILT_PRODUCTS_DIR; };
		41302539228559340010453B /* AppDelegate.swift */ = {isa = PBXFileReference; lastKnownFileType = sourcecode.swift; path = AppDelegate.swift; sourceTree = "<group>"; };
		4130253B228559340010453B /* ViewController.swift */ = {isa = PBXFileReference; lastKnownFileType = sourcecode.swift; path = ViewController.swift; sourceTree = "<group>"; };
		4130253E228559340010453B /* Base */ = {isa = PBXFileReference; lastKnownFileType = file.storyboard; name = Base; path = Base.lproj/Main.storyboard; sourceTree = "<group>"; };
		41302540228559360010453B /* Assets.xcassets */ = {isa = PBXFileReference; lastKnownFileType = folder.assetcatalog; path = Assets.xcassets; sourceTree = "<group>"; };
		41302543228559360010453B /* Base */ = {isa = PBXFileReference; lastKnownFileType = file.storyboard; name = Base; path = Base.lproj/LaunchScreen.storyboard; sourceTree = "<group>"; };
		41302545228559360010453B /* Info.plist */ = {isa = PBXFileReference; lastKnownFileType = text.plist.xml; path = Info.plist; sourceTree = "<group>"; };
		4130254A228559370010453B /* sajam2019_iodTests.xctest */ = {isa = PBXFileReference; explicitFileType = wrapper.cfbundle; includeInIndex = 0; path = sajam2019_iodTests.xctest; sourceTree = BUILT_PRODUCTS_DIR; };
		4130254E228559370010453B /* sajam2019_iodTests.swift */ = {isa = PBXFileReference; lastKnownFileType = sourcecode.swift; path = sajam2019_iodTests.swift; sourceTree = "<group>"; };
		41302550228559370010453B /* Info.plist */ = {isa = PBXFileReference; lastKnownFileType = text.plist.xml; path = Info.plist; sourceTree = "<group>"; };
		41302555228559370010453B /* sajam2019_iodUITests.xctest */ = {isa = PBXFileReference; explicitFileType = wrapper.cfbundle; includeInIndex = 0; path = sajam2019_iodUITests.xctest; sourceTree = BUILT_PRODUCTS_DIR; };
		41302559228559370010453B /* sajam2019_iodUITests.swift */ = {isa = PBXFileReference; lastKnownFileType = sourcecode.swift; path = sajam2019_iodUITests.swift; sourceTree = "<group>"; };
		4130255B228559370010453B /* Info.plist */ = {isa = PBXFileReference; lastKnownFileType = text.plist.xml; path = Info.plist; sourceTree = "<group>"; };
		4130256B2286ACE70010453B /* GoogleService-Info.plist */ = {isa = PBXFileReference; fileEncoding = 4; lastKnownFileType = text.plist.xml; path = "GoogleService-Info.plist"; sourceTree = "<group>"; };
		413025722286B0720010453B /* post.storyboard */ = {isa = PBXFileReference; lastKnownFileType = file.storyboard; path = post.storyboard; sourceTree = "<group>"; };
		413025742286B0810010453B /* Onsen.storyboard */ = {isa = PBXFileReference; lastKnownFileType = file.storyboard; path = Onsen.storyboard; sourceTree = "<group>"; };
		413025762286B08C0010453B /* Mypage.storyboard */ = {isa = PBXFileReference; lastKnownFileType = file.storyboard; path = Mypage.storyboard; sourceTree = "<group>"; };
		413025782286B0980010453B /* Timeline.storyboard */ = {isa = PBXFileReference; lastKnownFileType = file.storyboard; path = Timeline.storyboard; sourceTree = "<group>"; };
		4130257A2286B0D10010453B /* PostViewController.swift */ = {isa = PBXFileReference; lastKnownFileType = sourcecode.swift; path = PostViewController.swift; sourceTree = "<group>"; };
		413025802286B1080010453B /* OnsenViewController.swift */ = {isa = PBXFileReference; fileEncoding = 4; lastKnownFileType = sourcecode.swift; path = OnsenViewController.swift; sourceTree = "<group>"; };
		413025822286B11C0010453B /* MypageViewController.swift */ = {isa = PBXFileReference; lastKnownFileType = sourcecode.swift; path = MypageViewController.swift; sourceTree = "<group>"; };
		413025842286B1280010453B /* TimelineViewController.swift */ = {isa = PBXFileReference; lastKnownFileType = sourcecode.swift; path = TimelineViewController.swift; sourceTree = "<group>"; };
		4130258A2286C94A0010453B /* GutiView.xib */ = {isa = PBXFileReference; fileEncoding = 4; lastKnownFileType = file.xib; path = GutiView.xib; sourceTree = "<group>"; };
		4130258C2286C9540010453B /* GutiView.swift */ = {isa = PBXFileReference; fileEncoding = 4; lastKnownFileType = sourcecode.swift; path = GutiView.swift; sourceTree = "<group>"; };
		4130258E22873B170010453B /* horizontalScrollView.swift */ = {isa = PBXFileReference; lastKnownFileType = sourcecode.swift; path = horizontalScrollView.swift; sourceTree = "<group>"; };
		5D1752F54A911C0DDF02846A /* Pods-sajam2019_iodTests.release.xcconfig */ = {isa = PBXFileReference; includeInIndex = 1; lastKnownFileType = text.xcconfig; name = "Pods-sajam2019_iodTests.release.xcconfig"; path = "Target Support Files/Pods-sajam2019_iodTests/Pods-sajam2019_iodTests.release.xcconfig"; sourceTree = "<group>"; };
		73435FB97AD3E2F3E19B8908 /* Pods-sajam2019_iod.debug.xcconfig */ = {isa = PBXFileReference; includeInIndex = 1; lastKnownFileType = text.xcconfig; name = "Pods-sajam2019_iod.debug.xcconfig"; path = "Target Support Files/Pods-sajam2019_iod/Pods-sajam2019_iod.debug.xcconfig"; sourceTree = "<group>"; };
		78E9E18C328903673DE323B3 /* Pods-sajam2019_iodTests.debug.xcconfig */ = {isa = PBXFileReference; includeInIndex = 1; lastKnownFileType = text.xcconfig; name = "Pods-sajam2019_iodTests.debug.xcconfig"; path = "Target Support Files/Pods-sajam2019_iodTests/Pods-sajam2019_iodTests.debug.xcconfig"; sourceTree = "<group>"; };
		7F75A6DBC684FAE1DA763A3D /* Pods_sajam2019_iod.framework */ = {isa = PBXFileReference; explicitFileType = wrapper.framework; includeInIndex = 0; path = Pods_sajam2019_iod.framework; sourceTree = BUILT_PRODUCTS_DIR; };
		830F3516BE6A84C53893A0BE /* Pods_sajam2019_iodUITests.framework */ = {isa = PBXFileReference; explicitFileType = wrapper.framework; includeInIndex = 0; path = Pods_sajam2019_iodUITests.framework; sourceTree = BUILT_PRODUCTS_DIR; };
		A101B2643B581C613E3E1667 /* Pods-sajam2019_iodUITests.debug.xcconfig */ = {isa = PBXFileReference; includeInIndex = 1; lastKnownFileType = text.xcconfig; name = "Pods-sajam2019_iodUITests.debug.xcconfig"; path = "Target Support Files/Pods-sajam2019_iodUITests/Pods-sajam2019_iodUITests.debug.xcconfig"; sourceTree = "<group>"; };
		A621A947C29A248F2E504BC3 /* Pods_sajam2019_iodTests.framework */ = {isa = PBXFileReference; explicitFileType = wrapper.framework; includeInIndex = 0; path = Pods_sajam2019_iodTests.framework; sourceTree = BUILT_PRODUCTS_DIR; };
		F51570906F2D02E3A17B7CAA /* Pods-sajam2019_iodUITests.release.xcconfig */ = {isa = PBXFileReference; includeInIndex = 1; lastKnownFileType = text.xcconfig; name = "Pods-sajam2019_iodUITests.release.xcconfig"; path = "Target Support Files/Pods-sajam2019_iodUITests/Pods-sajam2019_iodUITests.release.xcconfig"; sourceTree = "<group>"; };
		F6DD678AD0D80F43D1FADBF7 /* Pods-sajam2019_iod.release.xcconfig */ = {isa = PBXFileReference; includeInIndex = 1; lastKnownFileType = text.xcconfig; name = "Pods-sajam2019_iod.release.xcconfig"; path = "Target Support Files/Pods-sajam2019_iod/Pods-sajam2019_iod.release.xcconfig"; sourceTree = "<group>"; };
/* End PBXFileReference section */

/* Begin PBXFrameworksBuildPhase section */
		41302533228559340010453B /* Frameworks */ = {
			isa = PBXFrameworksBuildPhase;
			buildActionMask = 2147483647;
			files = (
				7F88F6E19C19828BB831D779 /* Pods_sajam2019_iod.framework in Frameworks */,
			);
			runOnlyForDeploymentPostprocessing = 0;
		};
		41302547228559370010453B /* Frameworks */ = {
			isa = PBXFrameworksBuildPhase;
			buildActionMask = 2147483647;
			files = (
				0E98AFC18FA7449E06422AEE /* Pods_sajam2019_iodTests.framework in Frameworks */,
			);
			runOnlyForDeploymentPostprocessing = 0;
		};
		41302552228559370010453B /* Frameworks */ = {
			isa = PBXFrameworksBuildPhase;
			buildActionMask = 2147483647;
			files = (
				7E900E48B3C4B582075B143D /* Pods_sajam2019_iodUITests.framework in Frameworks */,
			);
			runOnlyForDeploymentPostprocessing = 0;
		};
/* End PBXFrameworksBuildPhase section */

/* Begin PBXGroup section */
		4130252D228559340010453B = {
			isa = PBXGroup;
			children = (
				41302538228559340010453B /* sajam2019_iod */,
				4130254D228559370010453B /* sajam2019_iodTests */,
				41302558228559370010453B /* sajam2019_iodUITests */,
				41302537228559340010453B /* Products */,
				DB99C6F5CCFF69DB1D7B9424 /* Pods */,
				BFDF34D56E1C5DCB9D95856E /* Frameworks */,
			);
			sourceTree = "<group>";
		};
		41302537228559340010453B /* Products */ = {
			isa = PBXGroup;
			children = (
				41302536228559340010453B /* sajam2019_iod.app */,
				4130254A228559370010453B /* sajam2019_iodTests.xctest */,
				41302555228559370010453B /* sajam2019_iodUITests.xctest */,
			);
			name = Products;
			sourceTree = "<group>";
		};
		41302538228559340010453B /* sajam2019_iod */ = {
			isa = PBXGroup;
			children = (
				413025712286B0500010453B /* Post */,
				413025702286B01C0010453B /* Onsen */,
				4130256F2286B0000010453B /* Mypage */,
				4130256E2286AFF20010453B /* Timeline */,
				41302539228559340010453B /* AppDelegate.swift */,
				4130253B228559340010453B /* ViewController.swift */,
				4130253D228559340010453B /* Main.storyboard */,
				3744036D2286B78600B68037 /* icon.jpeg */,
				41302540228559360010453B /* Assets.xcassets */,
				41302542228559360010453B /* LaunchScreen.storyboard */,
				41302545228559360010453B /* Info.plist */,
				4130256B2286ACE70010453B /* GoogleService-Info.plist */,
			);
			path = sajam2019_iod;
			sourceTree = "<group>";
		};
		4130254D228559370010453B /* sajam2019_iodTests */ = {
			isa = PBXGroup;
			children = (
				4130254E228559370010453B /* sajam2019_iodTests.swift */,
				41302550228559370010453B /* Info.plist */,
			);
			path = sajam2019_iodTests;
			sourceTree = "<group>";
		};
		41302558228559370010453B /* sajam2019_iodUITests */ = {
			isa = PBXGroup;
			children = (
				41302559228559370010453B /* sajam2019_iodUITests.swift */,
				4130255B228559370010453B /* Info.plist */,
			);
			path = sajam2019_iodUITests;
			sourceTree = "<group>";
		};
		4130256E2286AFF20010453B /* Timeline */ = {
			isa = PBXGroup;
			children = (
				413025782286B0980010453B /* Timeline.storyboard */,
				413025842286B1280010453B /* TimelineViewController.swift */,
				4130258A2286C94A0010453B /* GutiView.xib */,
				4130258C2286C9540010453B /* GutiView.swift */,
				4130258E22873B170010453B /* horizontalScrollView.swift */,
			);
			path = Timeline;
			sourceTree = "<group>";
		};
		4130256F2286B0000010453B /* Mypage */ = {
			isa = PBXGroup;
			children = (
				37440377228701D000B68037 /* tree.PNG */,
				37440382228724D200B68037 /* burn.png */,
				374403842287285A00B68037 /* honoo.png */,
				374403922287AD9F00B68037 /* clock.png */,
				374403942287AEA000B68037 /* demomaruta.png */,
				413025762286B08C0010453B /* Mypage.storyboard */,
				413025822286B11C0010453B /* MypageViewController.swift */,
				3744038C2287368900B68037 /* burn.sks */,
				3744038D2287368900B68037 /* Assets.xcassets */,
				374403902287372E00B68037 /* player.swift */,
			);
			path = Mypage;
			sourceTree = "<group>";
		};
		413025702286B01C0010453B /* Onsen */ = {
			isa = PBXGroup;
			children = (
				413025742286B0810010453B /* Onsen.storyboard */,
				413025802286B1080010453B /* OnsenViewController.swift */,
				1C5A463622875693000495C3 /* onsenImage */,
			);
			path = Onsen;
			sourceTree = "<group>";
		};
		413025712286B0500010453B /* Post */ = {
			isa = PBXGroup;
			children = (
				413025722286B0720010453B /* post.storyboard */,
				4130257A2286B0D10010453B /* PostViewController.swift */,
			);
			path = Post;
			sourceTree = "<group>";
		};
		BFDF34D56E1C5DCB9D95856E /* Frameworks */ = {
			isa = PBXGroup;
			children = (
				7F75A6DBC684FAE1DA763A3D /* Pods_sajam2019_iod.framework */,
				A621A947C29A248F2E504BC3 /* Pods_sajam2019_iodTests.framework */,
				830F3516BE6A84C53893A0BE /* Pods_sajam2019_iodUITests.framework */,
			);
			name = Frameworks;
			sourceTree = "<group>";
		};
		DB99C6F5CCFF69DB1D7B9424 /* Pods */ = {
			isa = PBXGroup;
			children = (
				73435FB97AD3E2F3E19B8908 /* Pods-sajam2019_iod.debug.xcconfig */,
				F6DD678AD0D80F43D1FADBF7 /* Pods-sajam2019_iod.release.xcconfig */,
				78E9E18C328903673DE323B3 /* Pods-sajam2019_iodTests.debug.xcconfig */,
				5D1752F54A911C0DDF02846A /* Pods-sajam2019_iodTests.release.xcconfig */,
				A101B2643B581C613E3E1667 /* Pods-sajam2019_iodUITests.debug.xcconfig */,
				F51570906F2D02E3A17B7CAA /* Pods-sajam2019_iodUITests.release.xcconfig */,
			);
			path = Pods;
			sourceTree = "<group>";
		};
/* End PBXGroup section */

/* Begin PBXNativeTarget section */
		41302535228559340010453B /* sajam2019_iod */ = {
			isa = PBXNativeTarget;
			buildConfigurationList = 4130255E228559370010453B /* Build configuration list for PBXNativeTarget "sajam2019_iod" */;
			buildPhases = (
				D3F78CA8FC40793C7DBCB042 /* [CP] Check Pods Manifest.lock */,
				41302532228559340010453B /* Sources */,
				41302533228559340010453B /* Frameworks */,
				41302534228559340010453B /* Resources */,
				7FD41A2C247C2DB74E4E3DF8 /* [CP] Embed Pods Frameworks */,
			);
			buildRules = (
			);
			dependencies = (
			);
			name = sajam2019_iod;
			productName = sajam2019_iod;
			productReference = 41302536228559340010453B /* sajam2019_iod.app */;
			productType = "com.apple.product-type.application";
		};
		41302549228559370010453B /* sajam2019_iodTests */ = {
			isa = PBXNativeTarget;
			buildConfigurationList = 41302561228559370010453B /* Build configuration list for PBXNativeTarget "sajam2019_iodTests" */;
			buildPhases = (
				B0993EB73EB5AB4BF6125362 /* [CP] Check Pods Manifest.lock */,
				41302546228559370010453B /* Sources */,
				41302547228559370010453B /* Frameworks */,
				41302548228559370010453B /* Resources */,
			);
			buildRules = (
			);
			dependencies = (
				4130254C228559370010453B /* PBXTargetDependency */,
			);
			name = sajam2019_iodTests;
			productName = sajam2019_iodTests;
			productReference = 4130254A228559370010453B /* sajam2019_iodTests.xctest */;
			productType = "com.apple.product-type.bundle.unit-test";
		};
		41302554228559370010453B /* sajam2019_iodUITests */ = {
			isa = PBXNativeTarget;
			buildConfigurationList = 41302564228559370010453B /* Build configuration list for PBXNativeTarget "sajam2019_iodUITests" */;
			buildPhases = (
				EDB875B6F4815B37AF62A123 /* [CP] Check Pods Manifest.lock */,
				41302551228559370010453B /* Sources */,
				41302552228559370010453B /* Frameworks */,
				41302553228559370010453B /* Resources */,
			);
			buildRules = (
			);
			dependencies = (
				41302557228559370010453B /* PBXTargetDependency */,
			);
			name = sajam2019_iodUITests;
			productName = sajam2019_iodUITests;
			productReference = 41302555228559370010453B /* sajam2019_iodUITests.xctest */;
			productType = "com.apple.product-type.bundle.ui-testing";
		};
/* End PBXNativeTarget section */

/* Begin PBXProject section */
		4130252E228559340010453B /* Project object */ = {
			isa = PBXProject;
			attributes = {
				LastSwiftUpdateCheck = 1010;
				LastUpgradeCheck = 1010;
				ORGANIZATIONNAME = asahi;
				TargetAttributes = {
					41302535228559340010453B = {
						CreatedOnToolsVersion = 10.1;
					};
					41302549228559370010453B = {
						CreatedOnToolsVersion = 10.1;
						TestTargetID = 41302535228559340010453B;
					};
					41302554228559370010453B = {
						CreatedOnToolsVersion = 10.1;
						TestTargetID = 41302535228559340010453B;
					};
				};
			};
			buildConfigurationList = 41302531228559340010453B /* Build configuration list for PBXProject "sajam2019_iod" */;
			compatibilityVersion = "Xcode 9.3";
			developmentRegion = en;
			hasScannedForEncodings = 0;
			knownRegions = (
				en,
				Base,
			);
			mainGroup = 4130252D228559340010453B;
			productRefGroup = 41302537228559340010453B /* Products */;
			projectDirPath = "";
			projectRoot = "";
			targets = (
				41302535228559340010453B /* sajam2019_iod */,
				41302549228559370010453B /* sajam2019_iodTests */,
				41302554228559370010453B /* sajam2019_iodUITests */,
			);
		};
/* End PBXProject section */

/* Begin PBXResourcesBuildPhase section */
		41302534228559340010453B /* Resources */ = {
			isa = PBXResourcesBuildPhase;
			buildActionMask = 2147483647;
			files = (
				41302544228559360010453B /* LaunchScreen.storyboard in Resources */,
				413025792286B0980010453B /* Timeline.storyboard in Resources */,
				1C5A463722875693000495C3 /* onsenImage in Resources */,
				3744038E2287368900B68037 /* burn.sks in Resources */,
				37440378228701D000B68037 /* tree.PNG in Resources */,
				413025772286B08C0010453B /* Mypage.storyboard in Resources */,
				374403932287AD9F00B68037 /* clock.png in Resources */,
				37440383228724D200B68037 /* burn.png in Resources */,
				4130256C2286ACE70010453B /* GoogleService-Info.plist in Resources */,
				413025732286B0720010453B /* post.storyboard in Resources */,
				41302541228559360010453B /* Assets.xcassets in Resources */,
				413025752286B0810010453B /* Onsen.storyboard in Resources */,
				374403852287285A00B68037 /* honoo.png in Resources */,
				4130253F228559340010453B /* Main.storyboard in Resources */,
				374403952287AEA000B68037 /* demomaruta.png in Resources */,
				3744038F2287368900B68037 /* Assets.xcassets in Resources */,
				3744036E2286B78700B68037 /* icon.jpeg in Resources */,
				4130258B2286C94A0010453B /* GutiView.xib in Resources */,
			);
			runOnlyForDeploymentPostprocessing = 0;
		};
		41302548228559370010453B /* Resources */ = {
			isa = PBXResourcesBuildPhase;
			buildActionMask = 2147483647;
			files = (
			);
			runOnlyForDeploymentPostprocessing = 0;
		};
		41302553228559370010453B /* Resources */ = {
			isa = PBXResourcesBuildPhase;
			buildActionMask = 2147483647;
			files = (
			);
			runOnlyForDeploymentPostprocessing = 0;
		};
/* End PBXResourcesBuildPhase section */

/* Begin PBXShellScriptBuildPhase section */
		7FD41A2C247C2DB74E4E3DF8 /* [CP] Embed Pods Frameworks */ = {
			isa = PBXShellScriptBuildPhase;
			buildActionMask = 2147483647;
			files = (
			);
			inputFileListPaths = (
				"${PODS_ROOT}/Target Support Files/Pods-sajam2019_iod/Pods-sajam2019_iod-frameworks-${CONFIGURATION}-input-files.xcfilelist",
			);
			name = "[CP] Embed Pods Frameworks";
			outputFileListPaths = (
				"${PODS_ROOT}/Target Support Files/Pods-sajam2019_iod/Pods-sajam2019_iod-frameworks-${CONFIGURATION}-output-files.xcfilelist",
			);
			runOnlyForDeploymentPostprocessing = 0;
			shellPath = /bin/sh;
			shellScript = "\"${PODS_ROOT}/Target Support Files/Pods-sajam2019_iod/Pods-sajam2019_iod-frameworks.sh\"\n";
			showEnvVarsInLog = 0;
		};
		B0993EB73EB5AB4BF6125362 /* [CP] Check Pods Manifest.lock */ = {
			isa = PBXShellScriptBuildPhase;
			buildActionMask = 2147483647;
			files = (
			);
			inputFileListPaths = (
			);
			inputPaths = (
				"${PODS_PODFILE_DIR_PATH}/Podfile.lock",
				"${PODS_ROOT}/Manifest.lock",
			);
			name = "[CP] Check Pods Manifest.lock";
			outputFileListPaths = (
			);
			outputPaths = (
				"$(DERIVED_FILE_DIR)/Pods-sajam2019_iodTests-checkManifestLockResult.txt",
			);
			runOnlyForDeploymentPostprocessing = 0;
			shellPath = /bin/sh;
			shellScript = "diff \"${PODS_PODFILE_DIR_PATH}/Podfile.lock\" \"${PODS_ROOT}/Manifest.lock\" > /dev/null\nif [ $? != 0 ] ; then\n    # print error to STDERR\n    echo \"error: The sandbox is not in sync with the Podfile.lock. Run 'pod install' or update your CocoaPods installation.\" >&2\n    exit 1\nfi\n# This output is used by Xcode 'outputs' to avoid re-running this script phase.\necho \"SUCCESS\" > \"${SCRIPT_OUTPUT_FILE_0}\"\n";
			showEnvVarsInLog = 0;
		};
		D3F78CA8FC40793C7DBCB042 /* [CP] Check Pods Manifest.lock */ = {
			isa = PBXShellScriptBuildPhase;
			buildActionMask = 2147483647;
			files = (
			);
			inputFileListPaths = (
			);
			inputPaths = (
				"${PODS_PODFILE_DIR_PATH}/Podfile.lock",
				"${PODS_ROOT}/Manifest.lock",
			);
			name = "[CP] Check Pods Manifest.lock";
			outputFileListPaths = (
			);
			outputPaths = (
				"$(DERIVED_FILE_DIR)/Pods-sajam2019_iod-checkManifestLockResult.txt",
			);
			runOnlyForDeploymentPostprocessing = 0;
			shellPath = /bin/sh;
			shellScript = "diff \"${PODS_PODFILE_DIR_PATH}/Podfile.lock\" \"${PODS_ROOT}/Manifest.lock\" > /dev/null\nif [ $? != 0 ] ; then\n    # print error to STDERR\n    echo \"error: The sandbox is not in sync with the Podfile.lock. Run 'pod install' or update your CocoaPods installation.\" >&2\n    exit 1\nfi\n# This output is used by Xcode 'outputs' to avoid re-running this script phase.\necho \"SUCCESS\" > \"${SCRIPT_OUTPUT_FILE_0}\"\n";
			showEnvVarsInLog = 0;
		};
		EDB875B6F4815B37AF62A123 /* [CP] Check Pods Manifest.lock */ = {
			isa = PBXShellScriptBuildPhase;
			buildActionMask = 2147483647;
			files = (
			);
			inputFileListPaths = (
			);
			inputPaths = (
				"${PODS_PODFILE_DIR_PATH}/Podfile.lock",
				"${PODS_ROOT}/Manifest.lock",
			);
			name = "[CP] Check Pods Manifest.lock";
			outputFileListPaths = (
			);
			outputPaths = (
				"$(DERIVED_FILE_DIR)/Pods-sajam2019_iodUITests-checkManifestLockResult.txt",
			);
			runOnlyForDeploymentPostprocessing = 0;
			shellPath = /bin/sh;
			shellScript = "diff \"${PODS_PODFILE_DIR_PATH}/Podfile.lock\" \"${PODS_ROOT}/Manifest.lock\" > /dev/null\nif [ $? != 0 ] ; then\n    # print error to STDERR\n    echo \"error: The sandbox is not in sync with the Podfile.lock. Run 'pod install' or update your CocoaPods installation.\" >&2\n    exit 1\nfi\n# This output is used by Xcode 'outputs' to avoid re-running this script phase.\necho \"SUCCESS\" > \"${SCRIPT_OUTPUT_FILE_0}\"\n";
			showEnvVarsInLog = 0;
		};
/* End PBXShellScriptBuildPhase section */

/* Begin PBXSourcesBuildPhase section */
		41302532228559340010453B /* Sources */ = {
			isa = PBXSourcesBuildPhase;
			buildActionMask = 2147483647;
			files = (
				4130258D2286C9540010453B /* GutiView.swift in Sources */,
				4130258F22873B170010453B /* horizontalScrollView.swift in Sources */,
				413025832286B11C0010453B /* MypageViewController.swift in Sources */,
				4130257B2286B0D10010453B /* PostViewController.swift in Sources */,
				4130253C228559340010453B /* ViewController.swift in Sources */,
				413025812286B1080010453B /* OnsenViewController.swift in Sources */,
				374403912287372E00B68037 /* player.swift in Sources */,
				4130253A228559340010453B /* AppDelegate.swift in Sources */,
				413025852286B1280010453B /* TimelineViewController.swift in Sources */,
			);
			runOnlyForDeploymentPostprocessing = 0;
		};
		41302546228559370010453B /* Sources */ = {
			isa = PBXSourcesBuildPhase;
			buildActionMask = 2147483647;
			files = (
				4130254F228559370010453B /* sajam2019_iodTests.swift in Sources */,
			);
			runOnlyForDeploymentPostprocessing = 0;
		};
		41302551228559370010453B /* Sources */ = {
			isa = PBXSourcesBuildPhase;
			buildActionMask = 2147483647;
			files = (
				4130255A228559370010453B /* sajam2019_iodUITests.swift in Sources */,
			);
			runOnlyForDeploymentPostprocessing = 0;
		};
/* End PBXSourcesBuildPhase section */

/* Begin PBXTargetDependency section */
		4130254C228559370010453B /* PBXTargetDependency */ = {
			isa = PBXTargetDependency;
			target = 41302535228559340010453B /* sajam2019_iod */;
			targetProxy = 4130254B228559370010453B /* PBXContainerItemProxy */;
		};
		41302557228559370010453B /* PBXTargetDependency */ = {
			isa = PBXTargetDependency;
			target = 41302535228559340010453B /* sajam2019_iod */;
			targetProxy = 41302556228559370010453B /* PBXContainerItemProxy */;
		};
/* End PBXTargetDependency section */

/* Begin PBXVariantGroup section */
		4130253D228559340010453B /* Main.storyboard */ = {
			isa = PBXVariantGroup;
			children = (
				4130253E228559340010453B /* Base */,
			);
			name = Main.storyboard;
			sourceTree = "<group>";
		};
		41302542228559360010453B /* LaunchScreen.storyboard */ = {
			isa = PBXVariantGroup;
			children = (
				41302543228559360010453B /* Base */,
			);
			name = LaunchScreen.storyboard;
			sourceTree = "<group>";
		};
/* End PBXVariantGroup section */

/* Begin XCBuildConfiguration section */
		4130255C228559370010453B /* Debug */ = {
			isa = XCBuildConfiguration;
			buildSettings = {
				ALWAYS_SEARCH_USER_PATHS = NO;
				CLANG_ANALYZER_NONNULL = YES;
				CLANG_ANALYZER_NUMBER_OBJECT_CONVERSION = YES_AGGRESSIVE;
				CLANG_CXX_LANGUAGE_STANDARD = "gnu++14";
				CLANG_CXX_LIBRARY = "libc++";
				CLANG_ENABLE_MODULES = YES;
				CLANG_ENABLE_OBJC_ARC = YES;
				CLANG_ENABLE_OBJC_WEAK = YES;
				CLANG_WARN_BLOCK_CAPTURE_AUTORELEASING = YES;
				CLANG_WARN_BOOL_CONVERSION = YES;
				CLANG_WARN_COMMA = YES;
				CLANG_WARN_CONSTANT_CONVERSION = YES;
				CLANG_WARN_DEPRECATED_OBJC_IMPLEMENTATIONS = YES;
				CLANG_WARN_DIRECT_OBJC_ISA_USAGE = YES_ERROR;
				CLANG_WARN_DOCUMENTATION_COMMENTS = YES;
				CLANG_WARN_EMPTY_BODY = YES;
				CLANG_WARN_ENUM_CONVERSION = YES;
				CLANG_WARN_INFINITE_RECURSION = YES;
				CLANG_WARN_INT_CONVERSION = YES;
				CLANG_WARN_NON_LITERAL_NULL_CONVERSION = YES;
				CLANG_WARN_OBJC_IMPLICIT_RETAIN_SELF = YES;
				CLANG_WARN_OBJC_LITERAL_CONVERSION = YES;
				CLANG_WARN_OBJC_ROOT_CLASS = YES_ERROR;
				CLANG_WARN_RANGE_LOOP_ANALYSIS = YES;
				CLANG_WARN_STRICT_PROTOTYPES = YES;
				CLANG_WARN_SUSPICIOUS_MOVE = YES;
				CLANG_WARN_UNGUARDED_AVAILABILITY = YES_AGGRESSIVE;
				CLANG_WARN_UNREACHABLE_CODE = YES;
				CLANG_WARN__DUPLICATE_METHOD_MATCH = YES;
				CODE_SIGN_IDENTITY = "iPhone Developer";
				COPY_PHASE_STRIP = NO;
				DEBUG_INFORMATION_FORMAT = dwarf;
				ENABLE_STRICT_OBJC_MSGSEND = YES;
				ENABLE_TESTABILITY = YES;
				GCC_C_LANGUAGE_STANDARD = gnu11;
				GCC_DYNAMIC_NO_PIC = NO;
				GCC_NO_COMMON_BLOCKS = YES;
				GCC_OPTIMIZATION_LEVEL = 0;
				GCC_PREPROCESSOR_DEFINITIONS = (
					"DEBUG=1",
					"$(inherited)",
				);
				GCC_WARN_64_TO_32_BIT_CONVERSION = YES;
				GCC_WARN_ABOUT_RETURN_TYPE = YES_ERROR;
				GCC_WARN_UNDECLARED_SELECTOR = YES;
				GCC_WARN_UNINITIALIZED_AUTOS = YES_AGGRESSIVE;
				GCC_WARN_UNUSED_FUNCTION = YES;
				GCC_WARN_UNUSED_VARIABLE = YES;
				IPHONEOS_DEPLOYMENT_TARGET = 12.1;
				MTL_ENABLE_DEBUG_INFO = INCLUDE_SOURCE;
				MTL_FAST_MATH = YES;
				ONLY_ACTIVE_ARCH = YES;
				SDKROOT = iphoneos;
				SWIFT_ACTIVE_COMPILATION_CONDITIONS = DEBUG;
				SWIFT_OPTIMIZATION_LEVEL = "-Onone";
			};
			name = Debug;
		};
		4130255D228559370010453B /* Release */ = {
			isa = XCBuildConfiguration;
			buildSettings = {
				ALWAYS_SEARCH_USER_PATHS = NO;
				CLANG_ANALYZER_NONNULL = YES;
				CLANG_ANALYZER_NUMBER_OBJECT_CONVERSION = YES_AGGRESSIVE;
				CLANG_CXX_LANGUAGE_STANDARD = "gnu++14";
				CLANG_CXX_LIBRARY = "libc++";
				CLANG_ENABLE_MODULES = YES;
				CLANG_ENABLE_OBJC_ARC = YES;
				CLANG_ENABLE_OBJC_WEAK = YES;
				CLANG_WARN_BLOCK_CAPTURE_AUTORELEASING = YES;
				CLANG_WARN_BOOL_CONVERSION = YES;
				CLANG_WARN_COMMA = YES;
				CLANG_WARN_CONSTANT_CONVERSION = YES;
				CLANG_WARN_DEPRECATED_OBJC_IMPLEMENTATIONS = YES;
				CLANG_WARN_DIRECT_OBJC_ISA_USAGE = YES_ERROR;
				CLANG_WARN_DOCUMENTATION_COMMENTS = YES;
				CLANG_WARN_EMPTY_BODY = YES;
				CLANG_WARN_ENUM_CONVERSION = YES;
				CLANG_WARN_INFINITE_RECURSION = YES;
				CLANG_WARN_INT_CONVERSION = YES;
				CLANG_WARN_NON_LITERAL_NULL_CONVERSION = YES;
				CLANG_WARN_OBJC_IMPLICIT_RETAIN_SELF = YES;
				CLANG_WARN_OBJC_LITERAL_CONVERSION = YES;
				CLANG_WARN_OBJC_ROOT_CLASS = YES_ERROR;
				CLANG_WARN_RANGE_LOOP_ANALYSIS = YES;
				CLANG_WARN_STRICT_PROTOTYPES = YES;
				CLANG_WARN_SUSPICIOUS_MOVE = YES;
				CLANG_WARN_UNGUARDED_AVAILABILITY = YES_AGGRESSIVE;
				CLANG_WARN_UNREACHABLE_CODE = YES;
				CLANG_WARN__DUPLICATE_METHOD_MATCH = YES;
				CODE_SIGN_IDENTITY = "iPhone Developer";
				COPY_PHASE_STRIP = NO;
				DEBUG_INFORMATION_FORMAT = "dwarf-with-dsym";
				ENABLE_NS_ASSERTIONS = NO;
				ENABLE_STRICT_OBJC_MSGSEND = YES;
				GCC_C_LANGUAGE_STANDARD = gnu11;
				GCC_NO_COMMON_BLOCKS = YES;
				GCC_WARN_64_TO_32_BIT_CONVERSION = YES;
				GCC_WARN_ABOUT_RETURN_TYPE = YES_ERROR;
				GCC_WARN_UNDECLARED_SELECTOR = YES;
				GCC_WARN_UNINITIALIZED_AUTOS = YES_AGGRESSIVE;
				GCC_WARN_UNUSED_FUNCTION = YES;
				GCC_WARN_UNUSED_VARIABLE = YES;
				IPHONEOS_DEPLOYMENT_TARGET = 12.1;
				MTL_ENABLE_DEBUG_INFO = NO;
				MTL_FAST_MATH = YES;
				SDKROOT = iphoneos;
				SWIFT_COMPILATION_MODE = wholemodule;
				SWIFT_OPTIMIZATION_LEVEL = "-O";
				VALIDATE_PRODUCT = YES;
			};
			name = Release;
		};
		4130255F228559370010453B /* Debug */ = {
			isa = XCBuildConfiguration;
			baseConfigurationReference = 73435FB97AD3E2F3E19B8908 /* Pods-sajam2019_iod.debug.xcconfig */;
			buildSettings = {
				ASSETCATALOG_COMPILER_APPICON_NAME = AppIcon;
				CODE_SIGN_STYLE = Automatic;
				DEVELOPMENT_TEAM = CXL7F9J64Z;
				INFOPLIST_FILE = sajam2019_iod/Info.plist;
				LD_RUNPATH_SEARCH_PATHS = (
					"$(inherited)",
					"@executable_path/Frameworks",
				);
				PRODUCT_BUNDLE_IDENTIFIER = "farmas.sajam2019-ioss";
				PRODUCT_NAME = "$(TARGET_NAME)";
				SWIFT_VERSION = 4.2;
				TARGETED_DEVICE_FAMILY = "1,2";
			};
			name = Debug;
		};
		41302560228559370010453B /* Release */ = {
			isa = XCBuildConfiguration;
			baseConfigurationReference = F6DD678AD0D80F43D1FADBF7 /* Pods-sajam2019_iod.release.xcconfig */;
			buildSettings = {
				ASSETCATALOG_COMPILER_APPICON_NAME = AppIcon;
				CODE_SIGN_STYLE = Automatic;
				DEVELOPMENT_TEAM = CXL7F9J64Z;
				INFOPLIST_FILE = sajam2019_iod/Info.plist;
				LD_RUNPATH_SEARCH_PATHS = (
					"$(inherited)",
					"@executable_path/Frameworks",
				);
				PRODUCT_BUNDLE_IDENTIFIER = "farmas.sajam2019-ioss";
				PRODUCT_NAME = "$(TARGET_NAME)";
				SWIFT_VERSION = 4.2;
				TARGETED_DEVICE_FAMILY = "1,2";
			};
			name = Release;
		};
		41302562228559370010453B /* Debug */ = {
			isa = XCBuildConfiguration;
			baseConfigurationReference = 78E9E18C328903673DE323B3 /* Pods-sajam2019_iodTests.debug.xcconfig */;
			buildSettings = {
				ALWAYS_EMBED_SWIFT_STANDARD_LIBRARIES = YES;
				BUNDLE_LOADER = "$(TEST_HOST)";
				CODE_SIGN_STYLE = Automatic;
				INFOPLIST_FILE = sajam2019_iodTests/Info.plist;
				LD_RUNPATH_SEARCH_PATHS = (
					"$(inherited)",
					"@executable_path/Frameworks",
					"@loader_path/Frameworks",
				);
				PRODUCT_BUNDLE_IDENTIFIER = "asahi.sajam2019-iodTests";
				PRODUCT_NAME = "$(TARGET_NAME)";
				SWIFT_VERSION = 4.2;
				TARGETED_DEVICE_FAMILY = "1,2";
				TEST_HOST = "$(BUILT_PRODUCTS_DIR)/sajam2019_iod.app/sajam2019_iod";
			};
			name = Debug;
		};
		41302563228559370010453B /* Release */ = {
			isa = XCBuildConfiguration;
			baseConfigurationReference = 5D1752F54A911C0DDF02846A /* Pods-sajam2019_iodTests.release.xcconfig */;
			buildSettings = {
				ALWAYS_EMBED_SWIFT_STANDARD_LIBRARIES = YES;
				BUNDLE_LOADER = "$(TEST_HOST)";
				CODE_SIGN_STYLE = Automatic;
				INFOPLIST_FILE = sajam2019_iodTests/Info.plist;
				LD_RUNPATH_SEARCH_PATHS = (
					"$(inherited)",
					"@executable_path/Frameworks",
					"@loader_path/Frameworks",
				);
				PRODUCT_BUNDLE_IDENTIFIER = "asahi.sajam2019-iodTests";
				PRODUCT_NAME = "$(TARGET_NAME)";
				SWIFT_VERSION = 4.2;
				TARGETED_DEVICE_FAMILY = "1,2";
				TEST_HOST = "$(BUILT_PRODUCTS_DIR)/sajam2019_iod.app/sajam2019_iod";
			};
			name = Release;
		};
		41302565228559370010453B /* Debug */ = {
			isa = XCBuildConfiguration;
			baseConfigurationReference = A101B2643B581C613E3E1667 /* Pods-sajam2019_iodUITests.debug.xcconfig */;
			buildSettings = {
				ALWAYS_EMBED_SWIFT_STANDARD_LIBRARIES = YES;
				CODE_SIGN_STYLE = Automatic;
				INFOPLIST_FILE = sajam2019_iodUITests/Info.plist;
				LD_RUNPATH_SEARCH_PATHS = (
					"$(inherited)",
					"@executable_path/Frameworks",
					"@loader_path/Frameworks",
				);
				PRODUCT_BUNDLE_IDENTIFIER = "asahi.sajam2019-iodUITests";
				PRODUCT_NAME = "$(TARGET_NAME)";
				SWIFT_VERSION = 4.2;
				TARGETED_DEVICE_FAMILY = "1,2";
				TEST_TARGET_NAME = sajam2019_iod;
			};
			name = Debug;
		};
		41302566228559370010453B /* Release */ = {
			isa = XCBuildConfiguration;
			baseConfigurationReference = F51570906F2D02E3A17B7CAA /* Pods-sajam2019_iodUITests.release.xcconfig */;
			buildSettings = {
				ALWAYS_EMBED_SWIFT_STANDARD_LIBRARIES = YES;
				CODE_SIGN_STYLE = Automatic;
				INFOPLIST_FILE = sajam2019_iodUITests/Info.plist;
				LD_RUNPATH_SEARCH_PATHS = (
					"$(inherited)",
					"@executable_path/Frameworks",
					"@loader_path/Frameworks",
				);
				PRODUCT_BUNDLE_IDENTIFIER = "asahi.sajam2019-iodUITests";
				PRODUCT_NAME = "$(TARGET_NAME)";
				SWIFT_VERSION = 4.2;
				TARGETED_DEVICE_FAMILY = "1,2";
				TEST_TARGET_NAME = sajam2019_iod;
			};
			name = Release;
		};
/* End XCBuildConfiguration section */

/* Begin XCConfigurationList section */
		41302531228559340010453B /* Build configuration list for PBXProject "sajam2019_iod" */ = {
			isa = XCConfigurationList;
			buildConfigurations = (
				4130255C228559370010453B /* Debug */,
				4130255D228559370010453B /* Release */,
			);
			defaultConfigurationIsVisible = 0;
			defaultConfigurationName = Release;
		};
		4130255E228559370010453B /* Build configuration list for PBXNativeTarget "sajam2019_iod" */ = {
			isa = XCConfigurationList;
			buildConfigurations = (
				4130255F228559370010453B /* Debug */,
				41302560228559370010453B /* Release */,
			);
			defaultConfigurationIsVisible = 0;
			defaultConfigurationName = Release;
		};
		41302561228559370010453B /* Build configuration list for PBXNativeTarget "sajam2019_iodTests" */ = {
			isa = XCConfigurationList;
			buildConfigurations = (
				41302562228559370010453B /* Debug */,
				41302563228559370010453B /* Release */,
			);
			defaultConfigurationIsVisible = 0;
			defaultConfigurationName = Release;
		};
		41302564228559370010453B /* Build configuration list for PBXNativeTarget "sajam2019_iodUITests" */ = {
			isa = XCConfigurationList;
			buildConfigurations = (
				41302565228559370010453B /* Debug */,
				41302566228559370010453B /* Release */,
			);
			defaultConfigurationIsVisible = 0;
			defaultConfigurationName = Release;
		};
/* End XCConfigurationList section */
	};
	rootObject = 4130252E228559340010453B /* Project object */;
}
